
Microsoft Visual Studio Solution File, Format Version 12.00
# Visual Studio 15
VisualStudioVersion = 15.0.27703.2047
MinimumVisualStudioVersion = 10.0.40219.1
Project("{FAE04EC0-301F-11D3-BF4B-00C04F79EFBC}") = "MoviesManager", "MoviesManager\MoviesManager.csproj", "{45EDFA43-9946-415A-9D45-951939906C4E}"
EndProject
Global
	GlobalSection(SolutionConfigurationPlatforms) = preSolution
		Debug|Any CPU = Debug|Any CPU
		Release|Any CPU = Release|Any CPU
	EndGlobalSection
	GlobalSection(ProjectConfigurationPlatforms) = postSolution
		{45EDFA43-9946-415A-9D45-951939906C4E}.Debug|Any CPU.ActiveCfg = Debug|Any CPU
		{45EDFA43-9946-415A-9D45-951939906C4E}.Debug|Any CPU.Build.0 = Debug|Any CPU
		{45EDFA43-9946-415A-9D45-951939906C4E}.Release|Any CPU.ActiveCfg = Release|Any CPU
		{45EDFA43-9946-415A-9D45-951939906C4E}.Release|Any CPU.Build.0 = Release|Any CPU
	EndGlobalSection
	GlobalSection(SolutionProperties) = preSolution
		HideSolutionNode = FALSE
	EndGlobalSection
	GlobalSection(ExtensibilityGlobals) = postSolution
		SolutionGuid = {371B584D-04A4-44A9-A024-2A1EE44357FA}
	EndGlobalSection
EndGlobal
